<?xml version="1.0" encoding="utf-8"?>
<Project ToolsVersion="4.0" xmlns="http://schemas.microsoft.com/developer/msbuild/2003">
  <ItemGroup>
    <Filter Include="Source Files">
      <UniqueIdentifier>{4FC737F1-C7A5-4376-A066-2A32D752A2FF}</UniqueIdentifier>
      <Extensions>cpp;c;cc;cxx;def;odl;idl;hpj;bat;asm;asmx</Extensions>
    </Filter>
    <Filter Include="Header Files">
      <UniqueIdentifier>{93995380-89BD-4b04-88EB-625FBE52EBFB}</UniqueIdentifier>
      <Extensions>h;hpp;hxx;hm;inl;inc;xsd</Extensions>
    </Filter>
    <Filter Include="Creators">
      <UniqueIdentifier>{96a61f0c-0db9-4d5b-a57e-17ba08beeac9}</UniqueIdentifier>
    </Filter>
  </ItemGroup>
  <ItemGroup>
    <ClCompile Include="main.cpp">
      <Filter>Source Files</Filter>
    </ClCompile>
    <ClCompile Include="GameOfLifeMenu.cpp">
      <Filter>Source Files</Filter>
    </ClCompile>
    <ClCompile Include="GameOfLife.cpp">
      <Filter>Source Files</Filter>
    </ClCompile>
    <ClCompile Include="GameOfLifeMenuCreator.cpp">
      <Filter>Creators</Filter>
    </ClCompile>
    <ClCompile Include="GameOfLifeCreator.cpp">
      <Filter>Creators</Filter>
    </ClCompile>
    <ClCompile Include="pong.cpp">
      <Filter>Source Files</Filter>
    </ClCompile>
    <ClCompile Include="PongCreator.cpp">
      <Filter>Creators</Filter>
    </ClCompile>
  </ItemGroup>
  <ItemGroup>
    <ClInclude Include="GameOfLifeMenu.h">
      <Filter>Header Files</Filter>
    </ClInclude>
    <ClInclude Include="GameOfLife.h">
      <Filter>Header Files</Filter>
    </ClInclude>
    <ClInclude Include="GameOfLifeMenuCreator.h">
      <Filter>Creators</Filter>
    </ClInclude>
    <ClInclude Include="GameOfLifeCreator.h">
      <Filter>Creators</Filter>
    </ClInclude>
    <ClInclude Include="Pong.h">
      <Filter>Header Files</Filter>
    </ClInclude>
    <ClInclude Include="PongCreator.h">
      <Filter>Creators</Filter>
    </ClInclude>
  </ItemGroup>
</Project>