
Microsoft Visual Studio Solution File, Format Version 11.00
# Visual Studio 2010
Project("{8BC9CEB8-8B4A-11D0-8D11-00A0C91BC942}") = "Game Engine", "Game Engine\Game Engine.vcxproj", "{2040D386-36AD-431B-82DB-17D467E33E97}"
	ProjectSection(ProjectDependencies) = postProject
		{BAD018E8-D4C6-4A20-8C8F-D414A56F7ADE} = {BAD018E8-D4C6-4A20-8C8F-D414A56F7ADE}
	EndProjectSection
EndProject
Project("{8BC9CEB8-8B4A-11D0-8D11-00A0C91BC942}") = "DirectX Input DLL", "DirectX Input DLL\DirectX Input DLL.vcxproj", "{3852E544-DBED-4930-847F-989DDBED5DC7}"
	ProjectSection(ProjectDependencies) = postProject
		{2040D386-36AD-431B-82DB-17D467E33E97} = {2040D386-36AD-431B-82DB-17D467E33E97}
		{BAD018E8-D4C6-4A20-8C8F-D414A56F7ADE} = {BAD018E8-D4C6-4A20-8C8F-D414A56F7ADE}
	EndProjectSection
EndProject
Project("{8BC9CEB8-8B4A-11D0-8D11-00A0C91BC942}") = "Test Application", "Test Application\Test Application.vcxproj", "{C4A62CD5-27F0-4490-B864-CC6498A1EB2D}"
	ProjectSection(ProjectDependencies) = postProject
		{2040D386-36AD-431B-82DB-17D467E33E97} = {2040D386-36AD-431B-82DB-17D467E33E97}
		{BAD018E8-D4C6-4A20-8C8F-D414A56F7ADE} = {BAD018E8-D4C6-4A20-8C8F-D414A56F7ADE}
	EndProjectSection
EndProject
Project("{8BC9CEB8-8B4A-11D0-8D11-00A0C91BC942}") = "DX9 Rendering", "DX9 Rendering\DX9 Rendering.vcxproj", "{E6819AFA-F62D-475D-B362-97F44ED44035}"
	ProjectSection(ProjectDependencies) = postProject
		{2040D386-36AD-431B-82DB-17D467E33E97} = {2040D386-36AD-431B-82DB-17D467E33E97}
		{BAD018E8-D4C6-4A20-8C8F-D414A56F7ADE} = {BAD018E8-D4C6-4A20-8C8F-D414A56F7ADE}
	EndProjectSection
EndProject
Project("{8BC9CEB8-8B4A-11D0-8D11-00A0C91BC942}") = "PCH", "PCH\PCH.vcxproj", "{BAD018E8-D4C6-4A20-8C8F-D414A56F7ADE}"
EndProject
Project("{2150E333-8FDC-42A3-9474-1A3956D46DE8}") = "Scripts", "Scripts", "{2C1D4BAB-169C-47CD-9A83-0430684D1417}"
	ProjectSection(SolutionItems) = preProject
		Scripts\Build Script Button.as = Scripts\Build Script Button.as
		Scripts\ConsoleBuildButton.as = Scripts\ConsoleBuildButton.as
		Scripts\EnumDisplay.as = Scripts\EnumDisplay.as
	EndProjectSection
EndProject
Global
	GlobalSection(SubversionScc) = preSolution
		Svn-Managed = True
		Manager = AnkhSVN - Subversion Support for Visual Studio
	EndGlobalSection
	GlobalSection(SolutionConfigurationPlatforms) = preSolution
		Debug|Win32 = Debug|Win32
		Release|Win32 = Release|Win32
	EndGlobalSection
	GlobalSection(ProjectConfigurationPlatforms) = postSolution
		{2040D386-36AD-431B-82DB-17D467E33E97}.Debug|Win32.ActiveCfg = Debug|Win32
		{2040D386-36AD-431B-82DB-17D467E33E97}.Debug|Win32.Build.0 = Debug|Win32
		{2040D386-36AD-431B-82DB-17D467E33E97}.Release|Win32.ActiveCfg = Release|Win32
		{2040D386-36AD-431B-82DB-17D467E33E97}.Release|Win32.Build.0 = Release|Win32
		{3852E544-DBED-4930-847F-989DDBED5DC7}.Debug|Win32.ActiveCfg = Debug|Win32
		{3852E544-DBED-4930-847F-989DDBED5DC7}.Debug|Win32.Build.0 = Debug|Win32
		{3852E544-DBED-4930-847F-989DDBED5DC7}.Release|Win32.ActiveCfg = Release|Win32
		{3852E544-DBED-4930-847F-989DDBED5DC7}.Release|Win32.Build.0 = Release|Win32
		{C4A62CD5-27F0-4490-B864-CC6498A1EB2D}.Debug|Win32.ActiveCfg = Debug|Win32
		{C4A62CD5-27F0-4490-B864-CC6498A1EB2D}.Debug|Win32.Build.0 = Debug|Win32
		{C4A62CD5-27F0-4490-B864-CC6498A1EB2D}.Release|Win32.ActiveCfg = Release|Win32
		{C4A62CD5-27F0-4490-B864-CC6498A1EB2D}.Release|Win32.Build.0 = Release|Win32
		{E6819AFA-F62D-475D-B362-97F44ED44035}.Debug|Win32.ActiveCfg = Debug|Win32
		{E6819AFA-F62D-475D-B362-97F44ED44035}.Debug|Win32.Build.0 = Debug|Win32
		{E6819AFA-F62D-475D-B362-97F44ED44035}.Release|Win32.ActiveCfg = Release|Win32
		{E6819AFA-F62D-475D-B362-97F44ED44035}.Release|Win32.Build.0 = Release|Win32
		{BAD018E8-D4C6-4A20-8C8F-D414A56F7ADE}.Debug|Win32.ActiveCfg = Debug|Win32
		{BAD018E8-D4C6-4A20-8C8F-D414A56F7ADE}.Debug|Win32.Build.0 = Debug|Win32
		{BAD018E8-D4C6-4A20-8C8F-D414A56F7ADE}.Release|Win32.ActiveCfg = Release|Win32
		{BAD018E8-D4C6-4A20-8C8F-D414A56F7ADE}.Release|Win32.Build.0 = Release|Win32
	EndGlobalSection
	GlobalSection(SolutionProperties) = preSolution
		HideSolutionNode = FALSE
	EndGlobalSection
EndGlobal
