
Microsoft Visual Studio Solution File, Format Version 11.00
# Visual Studio 2010
Project("{8BC9CEB8-8B4A-11D0-8D11-00A0C91BC942}") = "Test", "Test\Test.vcxproj", "{47202C16-D921-4D74-BA92-A72AB6B8902F}"
	ProjectSection(ProjectDependencies) = postProject
		{54FFCA3C-B292-4266-96A9-CC58E1CC444B} = {54FFCA3C-B292-4266-96A9-CC58E1CC444B}
	EndProjectSection
EndProject
Project("{8BC9CEB8-8B4A-11D0-8D11-00A0C91BC942}") = "DX9Renderer", "DX9 Renderer\DX9 Renderer.vcxproj", "{C9F3F3FF-F83F-406A-81EA-B7D1A01A40CF}"
	ProjectSection(ProjectDependencies) = postProject
		{54FFCA3C-B292-4266-96A9-CC58E1CC444B} = {54FFCA3C-B292-4266-96A9-CC58E1CC444B}
	EndProjectSection
EndProject
Project("{8BC9CEB8-8B4A-11D0-8D11-00A0C91BC942}") = "DXInput", "DXInput\DXInput.vcxproj", "{24F20705-56DB-488E-A0DE-8B90F351036D}"
	ProjectSection(ProjectDependencies) = postProject
		{54FFCA3C-B292-4266-96A9-CC58E1CC444B} = {54FFCA3C-B292-4266-96A9-CC58E1CC444B}
	EndProjectSection
EndProject
Project("{8BC9CEB8-8B4A-11D0-8D11-00A0C91BC942}") = "Game Engine", "Game Engine\Game Engine.vcxproj", "{54FFCA3C-B292-4266-96A9-CC58E1CC444B}"
EndProject
Global
	GlobalSection(SubversionScc) = preSolution
		Svn-Managed = True
		Manager = AnkhSVN - Subversion Support for Visual Studio
	EndGlobalSection
	GlobalSection(SolutionConfigurationPlatforms) = preSolution
		Debug|Win32 = Debug|Win32
		Release|Win32 = Release|Win32
	EndGlobalSection
	GlobalSection(ProjectConfigurationPlatforms) = postSolution
		{47202C16-D921-4D74-BA92-A72AB6B8902F}.Debug|Win32.ActiveCfg = Debug|Win32
		{47202C16-D921-4D74-BA92-A72AB6B8902F}.Debug|Win32.Build.0 = Debug|Win32
		{47202C16-D921-4D74-BA92-A72AB6B8902F}.Release|Win32.ActiveCfg = Release|Win32
		{47202C16-D921-4D74-BA92-A72AB6B8902F}.Release|Win32.Build.0 = Release|Win32
		{C9F3F3FF-F83F-406A-81EA-B7D1A01A40CF}.Debug|Win32.ActiveCfg = Debug|Win32
		{C9F3F3FF-F83F-406A-81EA-B7D1A01A40CF}.Debug|Win32.Build.0 = Debug|Win32
		{C9F3F3FF-F83F-406A-81EA-B7D1A01A40CF}.Release|Win32.ActiveCfg = Release|Win32
		{C9F3F3FF-F83F-406A-81EA-B7D1A01A40CF}.Release|Win32.Build.0 = Release|Win32
		{24F20705-56DB-488E-A0DE-8B90F351036D}.Debug|Win32.ActiveCfg = Debug|Win32
		{24F20705-56DB-488E-A0DE-8B90F351036D}.Debug|Win32.Build.0 = Debug|Win32
		{24F20705-56DB-488E-A0DE-8B90F351036D}.Release|Win32.ActiveCfg = Release|Win32
		{24F20705-56DB-488E-A0DE-8B90F351036D}.Release|Win32.Build.0 = Release|Win32
		{54FFCA3C-B292-4266-96A9-CC58E1CC444B}.Debug|Win32.ActiveCfg = Debug|Win32
		{54FFCA3C-B292-4266-96A9-CC58E1CC444B}.Debug|Win32.Build.0 = Debug|Win32
		{54FFCA3C-B292-4266-96A9-CC58E1CC444B}.Release|Win32.ActiveCfg = Release|Win32
		{54FFCA3C-B292-4266-96A9-CC58E1CC444B}.Release|Win32.Build.0 = Release|Win32
	EndGlobalSection
	GlobalSection(SolutionProperties) = preSolution
		HideSolutionNode = FALSE
	EndGlobalSection
EndGlobal
