
Microsoft Visual Studio Solution File, Format Version 11.00
# Visual Studio 2010
Project("{8BC9CEB8-8B4A-11D0-8D11-00A0C91BC942}") = "DXInput", "DXInput\DXInput.vcxproj", "{24F20705-56DB-488E-A0DE-8B90F351036D}"
EndProject
Project("{8BC9CEB8-8B4A-11D0-8D11-00A0C91BC942}") = "Game Engine", "Game Engine\Game Engine.vcxproj", "{54FFCA3C-B292-4266-96A9-CC58E1CC444B}"
EndProject
Project("{8BC9CEB8-8B4A-11D0-8D11-00A0C91BC942}") = "GameLauncher", "GameLauncher\GameLauncher.vcxproj", "{673B313B-5EB7-48F3-9212-5A20DCEE4627}"
	ProjectSection(ProjectDependencies) = postProject
		{54FFCA3C-B292-4266-96A9-CC58E1CC444B} = {54FFCA3C-B292-4266-96A9-CC58E1CC444B}
	EndProjectSection
EndProject
Project("{8BC9CEB8-8B4A-11D0-8D11-00A0C91BC942}") = "OpenGLRenderer", "OpenGLRenderer\OpenGLRenderer.vcxproj", "{762B7873-451A-48BB-B4CC-501B43669191}"
	ProjectSection(ProjectDependencies) = postProject
		{54FFCA3C-B292-4266-96A9-CC58E1CC444B} = {54FFCA3C-B292-4266-96A9-CC58E1CC444B}
	EndProjectSection
EndProject
Project("{8BC9CEB8-8B4A-11D0-8D11-00A0C91BC942}") = "FlockingAlgorithm", "FlockingAlgorithm\FlockingAlgorithm.vcxproj", "{8834C497-0A40-4C2F-8CDA-3D365E957528}"
	ProjectSection(ProjectDependencies) = postProject
		{54FFCA3C-B292-4266-96A9-CC58E1CC444B} = {54FFCA3C-B292-4266-96A9-CC58E1CC444B}
	EndProjectSection
EndProject
Global
	GlobalSection(SubversionScc) = preSolution
		Svn-Managed = True
		Manager = AnkhSVN - Subversion Support for Visual Studio
	EndGlobalSection
	GlobalSection(SolutionConfigurationPlatforms) = preSolution
		Debug|Any CPU = Debug|Any CPU
		Debug|Mixed Platforms = Debug|Mixed Platforms
		Debug|Win32 = Debug|Win32
		Release|Any CPU = Release|Any CPU
		Release|Mixed Platforms = Release|Mixed Platforms
		Release|Win32 = Release|Win32
	EndGlobalSection
	GlobalSection(ProjectConfigurationPlatforms) = postSolution
		{24F20705-56DB-488E-A0DE-8B90F351036D}.Debug|Any CPU.ActiveCfg = Debug|Win32
		{24F20705-56DB-488E-A0DE-8B90F351036D}.Debug|Mixed Platforms.ActiveCfg = Debug|Win32
		{24F20705-56DB-488E-A0DE-8B90F351036D}.Debug|Mixed Platforms.Build.0 = Debug|Win32
		{24F20705-56DB-488E-A0DE-8B90F351036D}.Debug|Win32.ActiveCfg = Debug|Win32
		{24F20705-56DB-488E-A0DE-8B90F351036D}.Debug|Win32.Build.0 = Debug|Win32
		{24F20705-56DB-488E-A0DE-8B90F351036D}.Release|Any CPU.ActiveCfg = Release|Win32
		{24F20705-56DB-488E-A0DE-8B90F351036D}.Release|Mixed Platforms.ActiveCfg = Release|Win32
		{24F20705-56DB-488E-A0DE-8B90F351036D}.Release|Mixed Platforms.Build.0 = Release|Win32
		{24F20705-56DB-488E-A0DE-8B90F351036D}.Release|Win32.ActiveCfg = Release|Win32
		{24F20705-56DB-488E-A0DE-8B90F351036D}.Release|Win32.Build.0 = Release|Win32
		{54FFCA3C-B292-4266-96A9-CC58E1CC444B}.Debug|Any CPU.ActiveCfg = Debug|Win32
		{54FFCA3C-B292-4266-96A9-CC58E1CC444B}.Debug|Mixed Platforms.ActiveCfg = Debug|Win32
		{54FFCA3C-B292-4266-96A9-CC58E1CC444B}.Debug|Mixed Platforms.Build.0 = Debug|Win32
		{54FFCA3C-B292-4266-96A9-CC58E1CC444B}.Debug|Win32.ActiveCfg = Debug|Win32
		{54FFCA3C-B292-4266-96A9-CC58E1CC444B}.Debug|Win32.Build.0 = Debug|Win32
		{54FFCA3C-B292-4266-96A9-CC58E1CC444B}.Release|Any CPU.ActiveCfg = Release|Win32
		{54FFCA3C-B292-4266-96A9-CC58E1CC444B}.Release|Mixed Platforms.ActiveCfg = Release|Win32
		{54FFCA3C-B292-4266-96A9-CC58E1CC444B}.Release|Mixed Platforms.Build.0 = Release|Win32
		{54FFCA3C-B292-4266-96A9-CC58E1CC444B}.Release|Win32.ActiveCfg = Release|Win32
		{54FFCA3C-B292-4266-96A9-CC58E1CC444B}.Release|Win32.Build.0 = Release|Win32
		{673B313B-5EB7-48F3-9212-5A20DCEE4627}.Debug|Any CPU.ActiveCfg = Debug|Win32
		{673B313B-5EB7-48F3-9212-5A20DCEE4627}.Debug|Mixed Platforms.ActiveCfg = Debug|Win32
		{673B313B-5EB7-48F3-9212-5A20DCEE4627}.Debug|Mixed Platforms.Build.0 = Debug|Win32
		{673B313B-5EB7-48F3-9212-5A20DCEE4627}.Debug|Win32.ActiveCfg = Debug|Win32
		{673B313B-5EB7-48F3-9212-5A20DCEE4627}.Debug|Win32.Build.0 = Debug|Win32
		{673B313B-5EB7-48F3-9212-5A20DCEE4627}.Release|Any CPU.ActiveCfg = Release|Win32
		{673B313B-5EB7-48F3-9212-5A20DCEE4627}.Release|Mixed Platforms.ActiveCfg = Release|Win32
		{673B313B-5EB7-48F3-9212-5A20DCEE4627}.Release|Mixed Platforms.Build.0 = Release|Win32
		{673B313B-5EB7-48F3-9212-5A20DCEE4627}.Release|Win32.ActiveCfg = Release|Win32
		{673B313B-5EB7-48F3-9212-5A20DCEE4627}.Release|Win32.Build.0 = Release|Win32
		{762B7873-451A-48BB-B4CC-501B43669191}.Debug|Any CPU.ActiveCfg = Debug|Win32
		{762B7873-451A-48BB-B4CC-501B43669191}.Debug|Mixed Platforms.ActiveCfg = Debug|Win32
		{762B7873-451A-48BB-B4CC-501B43669191}.Debug|Mixed Platforms.Build.0 = Debug|Win32
		{762B7873-451A-48BB-B4CC-501B43669191}.Debug|Win32.ActiveCfg = Debug|Win32
		{762B7873-451A-48BB-B4CC-501B43669191}.Debug|Win32.Build.0 = Debug|Win32
		{762B7873-451A-48BB-B4CC-501B43669191}.Release|Any CPU.ActiveCfg = Release|Win32
		{762B7873-451A-48BB-B4CC-501B43669191}.Release|Mixed Platforms.ActiveCfg = Release|Win32
		{762B7873-451A-48BB-B4CC-501B43669191}.Release|Mixed Platforms.Build.0 = Release|Win32
		{762B7873-451A-48BB-B4CC-501B43669191}.Release|Win32.ActiveCfg = Release|Win32
		{762B7873-451A-48BB-B4CC-501B43669191}.Release|Win32.Build.0 = Release|Win32
		{8834C497-0A40-4C2F-8CDA-3D365E957528}.Debug|Any CPU.ActiveCfg = Debug|Win32
		{8834C497-0A40-4C2F-8CDA-3D365E957528}.Debug|Mixed Platforms.ActiveCfg = Debug|Win32
		{8834C497-0A40-4C2F-8CDA-3D365E957528}.Debug|Mixed Platforms.Build.0 = Debug|Win32
		{8834C497-0A40-4C2F-8CDA-3D365E957528}.Debug|Win32.ActiveCfg = Debug|Win32
		{8834C497-0A40-4C2F-8CDA-3D365E957528}.Debug|Win32.Build.0 = Debug|Win32
		{8834C497-0A40-4C2F-8CDA-3D365E957528}.Release|Any CPU.ActiveCfg = Release|Win32
		{8834C497-0A40-4C2F-8CDA-3D365E957528}.Release|Mixed Platforms.ActiveCfg = Release|Win32
		{8834C497-0A40-4C2F-8CDA-3D365E957528}.Release|Mixed Platforms.Build.0 = Release|Win32
		{8834C497-0A40-4C2F-8CDA-3D365E957528}.Release|Win32.ActiveCfg = Release|Win32
		{8834C497-0A40-4C2F-8CDA-3D365E957528}.Release|Win32.Build.0 = Release|Win32
	EndGlobalSection
	GlobalSection(SolutionProperties) = preSolution
		HideSolutionNode = FALSE
	EndGlobalSection
EndGlobal
