<?xml version="1.0" encoding="utf-8"?>
<Project ToolsVersion="4.0" xmlns="http://schemas.microsoft.com/developer/msbuild/2003">
  <ItemGroup>
    <Filter Include="Source Files">
      <UniqueIdentifier>{4FC737F1-C7A5-4376-A066-2A32D752A2FF}</UniqueIdentifier>
      <Extensions>cpp;c;cc;cxx;def;odl;idl;hpj;bat;asm;asmx</Extensions>
    </Filter>
    <Filter Include="Header Files">
      <UniqueIdentifier>{93995380-89BD-4b04-88EB-625FBE52EBFB}</UniqueIdentifier>
      <Extensions>h;hpp;hxx;hm;inl;inc;xsd</Extensions>
    </Filter>
    <Filter Include="Header Files\Managers">
      <UniqueIdentifier>{c62b9548-e921-4120-8d9d-a4c52282a637}</UniqueIdentifier>
    </Filter>
    <Filter Include="Header Files\Interfaces">
      <UniqueIdentifier>{d558be9a-afde-46b9-83a9-dc4f24df8745}</UniqueIdentifier>
    </Filter>
    <Filter Include="Header Files\Scripting">
      <UniqueIdentifier>{5a99c9f7-c342-4277-94c5-b4cb00f8ce13}</UniqueIdentifier>
    </Filter>
    <Filter Include="Header Files\State">
      <UniqueIdentifier>{327d9768-f50d-421a-86c5-42f3c4bb4aaa}</UniqueIdentifier>
    </Filter>
  </ItemGroup>
  <ItemGroup>
    <ClInclude Include="QuadTree.h">
      <Filter>Header Files</Filter>
    </ClInclude>
    <ClInclude Include="Timer.h">
      <Filter>Header Files</Filter>
    </ClInclude>
    <ClInclude Include="RefCounting.h">
      <Filter>Header Files</Filter>
    </ClInclude>
    <ClInclude Include="Delegates.h">
      <Filter>Header Files</Filter>
    </ClInclude>
    <ClInclude Include="Singleton.h">
      <Filter>Header Files</Filter>
    </ClInclude>
    <ClInclude Include="DxPolygon.h">
      <Filter>Header Files</Filter>
    </ClInclude>
    <ClInclude Include="Menu.h">
      <Filter>Header Files</Filter>
    </ClInclude>
    <ClInclude Include="Game.h">
      <Filter>Header Files</Filter>
    </ClInclude>
    <ClInclude Include="FileManager.h">
      <Filter>Header Files\Managers</Filter>
    </ClInclude>
    <ClInclude Include="PluginManager.h">
      <Filter>Header Files\Managers</Filter>
    </ClInclude>
    <ClInclude Include="IInput.h">
      <Filter>Header Files\Interfaces</Filter>
    </ClInclude>
    <ClInclude Include="IKMInput.h">
      <Filter>Header Files\Interfaces</Filter>
    </ClInclude>
    <ClInclude Include="IPlugin.h">
      <Filter>Header Files\Interfaces</Filter>
    </ClInclude>
    <ClInclude Include="IRender.h">
      <Filter>Header Files\Interfaces</Filter>
    </ClInclude>
    <ClInclude Include="IRenderer.h">
      <Filter>Header Files\Interfaces</Filter>
    </ClInclude>
    <ClInclude Include="IScripted.h">
      <Filter>Header Files\Interfaces</Filter>
    </ClInclude>
    <ClInclude Include="asVM.h">
      <Filter>Header Files\Scripting</Filter>
    </ClInclude>
    <ClInclude Include="WindowManager.h">
      <Filter>Header Files\Managers</Filter>
    </ClInclude>
    <ClInclude Include="GameState.h">
      <Filter>Header Files\State</Filter>
    </ClInclude>
    <ClInclude Include="GameStateFactory.h">
      <Filter>Header Files\State</Filter>
    </ClInclude>
    <ClInclude Include="GameStateMachine.h">
      <Filter>Header Files\State</Filter>
    </ClInclude>
  </ItemGroup>
  <ItemGroup>
    <ClCompile Include="QuadTree.cpp">
      <Filter>Source Files</Filter>
    </ClCompile>
    <ClCompile Include="RefCounting.cpp">
      <Filter>Source Files</Filter>
    </ClCompile>
    <ClCompile Include="DxPolygon.cpp">
      <Filter>Source Files</Filter>
    </ClCompile>
    <ClCompile Include="Menu.cpp">
      <Filter>Source Files</Filter>
    </ClCompile>
    <ClCompile Include="Game.cpp">
      <Filter>Source Files</Filter>
    </ClCompile>
    <ClCompile Include="FileManager.cpp">
      <Filter>Header Files\Managers</Filter>
    </ClCompile>
    <ClCompile Include="PluginManager.cpp">
      <Filter>Header Files\Managers</Filter>
    </ClCompile>
    <ClCompile Include="asVM.cpp">
      <Filter>Header Files\Scripting</Filter>
    </ClCompile>
    <ClCompile Include="WindowManager.cpp">
      <Filter>Header Files\Managers</Filter>
    </ClCompile>
    <ClCompile Include="GameStateMachine.cpp">
      <Filter>Header Files\State</Filter>
    </ClCompile>
  </ItemGroup>
</Project>