<?xml version="1.0" encoding="utf-8"?>
<Project ToolsVersion="4.0" xmlns="http://schemas.microsoft.com/developer/msbuild/2003">
  <ItemGroup>
    <Filter Include="Lua">
      <UniqueIdentifier>{62370b19-dcc9-4856-a50b-5d7031d80060}</UniqueIdentifier>
    </Filter>
    <Filter Include="Plugin Manager">
      <UniqueIdentifier>{68309a82-812c-49a4-9e10-c10004de0047}</UniqueIdentifier>
    </Filter>
    <Filter Include="User Interface">
      <UniqueIdentifier>{4256542b-eb53-495a-a743-a06fdf7f0905}</UniqueIdentifier>
    </Filter>
    <Filter Include="Engine">
      <UniqueIdentifier>{13a448d8-8ba7-48fb-ae29-66a9078c5725}</UniqueIdentifier>
    </Filter>
  </ItemGroup>
  <ItemGroup>
    <ClCompile Include="LuaMachine.cpp">
      <Filter>Lua</Filter>
    </ClCompile>
    <ClCompile Include="LuaScript.cpp">
      <Filter>Lua</Filter>
    </ClCompile>
    <ClCompile Include="BEngine.cpp">
      <Filter>Engine</Filter>
    </ClCompile>
  </ItemGroup>
  <ItemGroup>
    <ClInclude Include="StdAfx.h" />
    <ClInclude Include="LuaThis.h">
      <Filter>Lua</Filter>
    </ClInclude>
    <ClInclude Include="LuaScript.h">
      <Filter>Lua</Filter>
    </ClInclude>
    <ClInclude Include="LuaMachine.h">
      <Filter>Lua</Filter>
    </ClInclude>
    <ClInclude Include="LuaRestoreStack.h">
      <Filter>Lua</Filter>
    </ClInclude>
    <ClInclude Include="BEngine.h">
      <Filter>Engine</Filter>
    </ClInclude>
  </ItemGroup>
</Project>